
Microsoft Visual Studio Solution File, Format Version 12.00
# Visual Studio Version 16
VisualStudioVersion = 16.0.31729.503
MinimumVisualStudioVersion = 10.0.40219.1
Project("{FAE04EC0-301F-11D3-BF4B-00C04F79EFBC}") = "szamkitjat", "szamkitjat.csproj", "{94DA9EE4-46C1-47EA-A579-7E901AD3C467}"
EndProject
Project("{FAE04EC0-301F-11D3-BF4B-00C04F79EFBC}") = "szamkitjatiterfaces", "szamkitjatiterfaces\szamkitjatiterfaces.csproj", "{AF098854-F732-4CD4-83EA-B9B7D05B3E67}"
EndProject
Project("{FAE04EC0-301F-11D3-BF4B-00C04F79EFBC}") = "szamkitjatUIs", "szamkitjatUIs\szamkitjatUIs.csproj", "{D1DAA3FC-D389-4C93-94FE-DDED4B1F9A6F}"
EndProject
Project("{FAE04EC0-301F-11D3-BF4B-00C04F79EFBC}") = "GamesKZ", "GamesKZ\GamesKZ.csproj", "{732F3E36-9867-4581-AA52-A5B702582EB6}"
EndProject
Project("{FAE04EC0-301F-11D3-BF4B-00C04F79EFBC}") = "GameTest", "GameTest\GameTest.csproj", "{AABE7E4F-E646-4533-B61D-0459AE6ACFB0}"
EndProject
Global
	GlobalSection(SolutionConfigurationPlatforms) = preSolution
		Debug|Any CPU = Debug|Any CPU
		Release|Any CPU = Release|Any CPU
	EndGlobalSection
	GlobalSection(ProjectConfigurationPlatforms) = postSolution
		{94DA9EE4-46C1-47EA-A579-7E901AD3C467}.Debug|Any CPU.ActiveCfg = Debug|Any CPU
		{94DA9EE4-46C1-47EA-A579-7E901AD3C467}.Debug|Any CPU.Build.0 = Debug|Any CPU
		{94DA9EE4-46C1-47EA-A579-7E901AD3C467}.Release|Any CPU.ActiveCfg = Release|Any CPU
		{94DA9EE4-46C1-47EA-A579-7E901AD3C467}.Release|Any CPU.Build.0 = Release|Any CPU
		{AF098854-F732-4CD4-83EA-B9B7D05B3E67}.Debug|Any CPU.ActiveCfg = Debug|Any CPU
		{AF098854-F732-4CD4-83EA-B9B7D05B3E67}.Debug|Any CPU.Build.0 = Debug|Any CPU
		{AF098854-F732-4CD4-83EA-B9B7D05B3E67}.Release|Any CPU.ActiveCfg = Release|Any CPU
		{AF098854-F732-4CD4-83EA-B9B7D05B3E67}.Release|Any CPU.Build.0 = Release|Any CPU
		{D1DAA3FC-D389-4C93-94FE-DDED4B1F9A6F}.Debug|Any CPU.ActiveCfg = Debug|Any CPU
		{D1DAA3FC-D389-4C93-94FE-DDED4B1F9A6F}.Debug|Any CPU.Build.0 = Debug|Any CPU
		{D1DAA3FC-D389-4C93-94FE-DDED4B1F9A6F}.Release|Any CPU.ActiveCfg = Release|Any CPU
		{D1DAA3FC-D389-4C93-94FE-DDED4B1F9A6F}.Release|Any CPU.Build.0 = Release|Any CPU
		{732F3E36-9867-4581-AA52-A5B702582EB6}.Debug|Any CPU.ActiveCfg = Debug|Any CPU
		{732F3E36-9867-4581-AA52-A5B702582EB6}.Debug|Any CPU.Build.0 = Debug|Any CPU
		{732F3E36-9867-4581-AA52-A5B702582EB6}.Release|Any CPU.ActiveCfg = Release|Any CPU
		{732F3E36-9867-4581-AA52-A5B702582EB6}.Release|Any CPU.Build.0 = Release|Any CPU
		{AABE7E4F-E646-4533-B61D-0459AE6ACFB0}.Debug|Any CPU.ActiveCfg = Debug|Any CPU
		{AABE7E4F-E646-4533-B61D-0459AE6ACFB0}.Debug|Any CPU.Build.0 = Debug|Any CPU
		{AABE7E4F-E646-4533-B61D-0459AE6ACFB0}.Release|Any CPU.ActiveCfg = Release|Any CPU
		{AABE7E4F-E646-4533-B61D-0459AE6ACFB0}.Release|Any CPU.Build.0 = Release|Any CPU
	EndGlobalSection
	GlobalSection(SolutionProperties) = preSolution
		HideSolutionNode = FALSE
	EndGlobalSection
	GlobalSection(ExtensibilityGlobals) = postSolution
		SolutionGuid = {C1946303-3C00-42FC-BD60-98C0215C7DAE}
	EndGlobalSection
EndGlobal
